
Microsoft Visual Studio Solution File, Format Version 12.00
# Visual Studio Version 17
VisualStudioVersion = 17.4.33213.308
MinimumVisualStudioVersion = 10.0.40219.1
Project("{FAE04EC0-301F-11D3-BF4B-00C04F79EFBC}") = "SnapshotEngine", "SnapshotEngine\SnapshotEngine.csproj", "{BA0748E0-A4E6-4547-95E2-0377AD107CA0}"
EndProject
Project("{FAE04EC0-301F-11D3-BF4B-00C04F79EFBC}") = "WebApi", "WebApi\WebApi.csproj", "{63DD46EE-DD07-453B-8857-E1E3A31F7A2B}"
EndProject
Project("{FAE04EC0-301F-11D3-BF4B-00C04F79EFBC}") = "Data", "Data\Data.csproj", "{223FFBDD-A2CF-4824-A7A8-7E4DED02DC57}"
EndProject
Project("{FAE04EC0-301F-11D3-BF4B-00C04F79EFBC}") = "Business", "Business\Business.csproj", "{0A77BB33-726A-4436-86E6-1A5B18ED4481}"
EndProject
Global
	GlobalSection(SolutionConfigurationPlatforms) = preSolution
		Debug|Any CPU = Debug|Any CPU
		Release|Any CPU = Release|Any CPU
	EndGlobalSection
	GlobalSection(ProjectConfigurationPlatforms) = postSolution
		{BA0748E0-A4E6-4547-95E2-0377AD107CA0}.Debug|Any CPU.ActiveCfg = Debug|Any CPU
		{BA0748E0-A4E6-4547-95E2-0377AD107CA0}.Debug|Any CPU.Build.0 = Debug|Any CPU
		{BA0748E0-A4E6-4547-95E2-0377AD107CA0}.Release|Any CPU.ActiveCfg = Release|Any CPU
		{BA0748E0-A4E6-4547-95E2-0377AD107CA0}.Release|Any CPU.Build.0 = Release|Any CPU
		{63DD46EE-DD07-453B-8857-E1E3A31F7A2B}.Debug|Any CPU.ActiveCfg = Debug|Any CPU
		{63DD46EE-DD07-453B-8857-E1E3A31F7A2B}.Debug|Any CPU.Build.0 = Debug|Any CPU
		{63DD46EE-DD07-453B-8857-E1E3A31F7A2B}.Release|Any CPU.ActiveCfg = Release|Any CPU
		{63DD46EE-DD07-453B-8857-E1E3A31F7A2B}.Release|Any CPU.Build.0 = Release|Any CPU
		{223FFBDD-A2CF-4824-A7A8-7E4DED02DC57}.Debug|Any CPU.ActiveCfg = Debug|Any CPU
		{223FFBDD-A2CF-4824-A7A8-7E4DED02DC57}.Debug|Any CPU.Build.0 = Debug|Any CPU
		{223FFBDD-A2CF-4824-A7A8-7E4DED02DC57}.Release|Any CPU.ActiveCfg = Release|Any CPU
		{223FFBDD-A2CF-4824-A7A8-7E4DED02DC57}.Release|Any CPU.Build.0 = Release|Any CPU
		{0A77BB33-726A-4436-86E6-1A5B18ED4481}.Debug|Any CPU.ActiveCfg = Debug|Any CPU
		{0A77BB33-726A-4436-86E6-1A5B18ED4481}.Debug|Any CPU.Build.0 = Debug|Any CPU
		{0A77BB33-726A-4436-86E6-1A5B18ED4481}.Release|Any CPU.ActiveCfg = Release|Any CPU
		{0A77BB33-726A-4436-86E6-1A5B18ED4481}.Release|Any CPU.Build.0 = Release|Any CPU
	EndGlobalSection
	GlobalSection(SolutionProperties) = preSolution
		HideSolutionNode = FALSE
	EndGlobalSection
	GlobalSection(ExtensibilityGlobals) = postSolution
		SolutionGuid = {BD9D3A70-F5BD-44BD-82FF-3363DB350524}
	EndGlobalSection
EndGlobal
